
Microsoft Visual Studio Solution File, Format Version 12.00
# Visual Studio Version 17
VisualStudioVersion = 17.1.32421.90
MinimumVisualStudioVersion = 10.0.40219.1
Project("{FAE04EC0-301F-11D3-BF4B-00C04F79EFBC}") = "CfgMan", "CfgMan\CfgMan.csproj", "{810CA128-E0F9-40E6-8815-BBF781AC10EF}"
EndProject
Global
	GlobalSection(SolutionConfigurationPlatforms) = preSolution
		Debug|Any CPU = Debug|Any CPU
		Release|Any CPU = Release|Any CPU
	EndGlobalSection
	GlobalSection(ProjectConfigurationPlatforms) = postSolution
		{810CA128-E0F9-40E6-8815-BBF781AC10EF}.Debug|Any CPU.ActiveCfg = Debug|Any CPU
		{810CA128-E0F9-40E6-8815-BBF781AC10EF}.Debug|Any CPU.Build.0 = Debug|Any CPU
		{810CA128-E0F9-40E6-8815-BBF781AC10EF}.Release|Any CPU.ActiveCfg = Release|Any CPU
		{810CA128-E0F9-40E6-8815-BBF781AC10EF}.Release|Any CPU.Build.0 = Release|Any CPU
	EndGlobalSection
	GlobalSection(SolutionProperties) = preSolution
		HideSolutionNode = FALSE
	EndGlobalSection
	GlobalSection(ExtensibilityGlobals) = postSolution
		SolutionGuid = {084AAB19-A8AB-44DD-B59E-E0C556720800}
	EndGlobalSection
EndGlobal
